version = 1
revision = 3
requires-python = ">=3.14"

[[package]]
name = "aioice"
version = "0.10.2"
source = { registry = "https://pypi.org/simple" }
dependencies = [
    { name = "dnspython" },
    { name = "ifaddr" },
]
sdist = { url = "https://files.pythonhosted.org/packages/67/04/df7286233f468e19e9bedff023b6b246182f0b2ccb04ceeb69b2994021c6/aioice-0.10.2.tar.gz", hash = "sha256:bf236c6829ee33c8e540535d31cd5a066b531cb56de2be94c46be76d68b1a806", size = 44307, upload-time = "2025-11-28T15:56:48.836Z" }
wheels = [
    { url = "https://files.pythonhosted.org/packages/c7/e3/0d23b1f930c17d371ce1ec36ee529f22fd19ebc2a07fe3418e3d1d884ce2/aioice-0.10.2-py3-none-any.whl", hash = "sha256:14911c15ab12d096dd14d372ebb4aecbb7420b52c9b76fdfcf54375dec17fcbf", size = 24875, upload-time = "2025-11-28T15:56:47.847Z" },
]

[[package]]
name = "aiortc"
version = "1.14.0"
source = { registry = "https://pypi.org/simple" }
dependencies = [
    { name = "aioice" },
    { name = "av" },
    { name = "cryptography" },
    { name = "google-crc32c" },
    { name = "pyee" },
    { name = "pylibsrtp" },
    { name = "pyopenssl" },
]
sdist = { url = "https://files.pythonhosted.org/packages/51/9c/4e027bfe0195de0442da301e2389329496745d40ae44d2d7c4571c4290ce/aiortc-1.14.0.tar.gz", hash = "sha256:adc8a67ace10a085721e588e06a00358ed8eaf5f6b62f0a95358ff45628dd762", size = 1180864, upload-time = "2025-10-13T21:40:37.905Z" }
wheels = [
    { url = "https://files.pythonhosted.org/packages/57/ab/31646a49209568cde3b97eeade0d28bb78b400e6645c56422c101df68932/aiortc-1.14.0-py3-none-any.whl", hash = "sha256:4b244d7e482f4e1f67e685b3468269628eca1ec91fa5b329ab517738cfca086e", size = 93183, upload-time = "2025-10-13T21:40:36.59Z" },
]

[[package]]
name = "av"
version = "16.1.0"
source = { registry = "https://pypi.org/simple" }
sdist = { url = "https://files.pythonhosted.org/packages/78/cd/3a83ffbc3cc25b39721d174487fb0d51a76582f4a1703f98e46170ce83d4/av-16.1.0.tar.gz", hash = "sha256:a094b4fd87a3721dacf02794d3d2c82b8d712c85b9534437e82a8a978c175ffd", size = 4285203, upload-time = "2026-01-11T07:31:33.772Z" }
wheels = [
    { url = "https://files.pythonhosted.org/packages/df/18/8812221108c27d19f7e5f486a82c827923061edf55f906824ee0fcaadf50/av-16.1.0-cp314-cp314-macosx_11_0_x86_64.whl", hash = "sha256:39a634d8e5a87e78ea80772774bfd20c0721f0d633837ff185f36c9d14ffede4", size = 26916179, upload-time = "2026-01-11T09:58:36.506Z" },
    { url = "https://files.pythonhosted.org/packages/38/ef/49d128a9ddce42a2766fe2b6595bd9c49e067ad8937a560f7838a541464e/av-16.1.0-cp314-cp314-macosx_14_0_arm64.whl", hash = "sha256:0ba32fb9e9300948a7fa9f8a3fc686e6f7f77599a665c71eb2118fdfd2c743f9", size = 21460168, upload-time = "2026-01-11T09:58:39.231Z" },
    { url = "https://files.pythonhosted.org/packages/e6/a9/b310d390844656fa74eeb8c2750e98030877c75b97551a23a77d3f982741/av-16.1.0-cp314-cp314-manylinux_2_28_aarch64.whl", hash = "sha256:ca04d17815182d34ce3edc53cbda78a4f36e956c0fd73e3bab249872a831c4d7", size = 39210194, upload-time = "2026-01-11T09:58:42.138Z" },
    { url = "https://files.pythonhosted.org/packages/0c/7b/e65aae179929d0f173af6e474ad1489b5b5ad4c968a62c42758d619e54cf/av-16.1.0-cp314-cp314-manylinux_2_28_x86_64.whl", hash = "sha256:ee0e8de2e124a9ef53c955fe2add6ee7c56cc8fd83318265549e44057db77142", size = 40811675, upload-time = "2026-01-11T09:58:45.871Z" },
    { url = "https://files.pythonhosted.org/packages/54/3f/5d7edefd26b6a5187d6fac0f5065ee286109934f3dea607ef05e53f05b31/av-16.1.0-cp314-cp314-musllinux_1_2_aarch64.whl", hash = "sha256:22bf77a2f658827043a1e184b479c3bf25c4c43ab32353677df2d119f080e28f", size = 40543942, upload-time = "2026-01-11T09:58:49.759Z" },
    { url = "https://files.pythonhosted.org/packages/1b/24/f8b17897b67be0900a211142f5646a99d896168f54d57c81f3e018853796/av-16.1.0-cp314-cp314-musllinux_1_2_x86_64.whl", hash = "sha256:2dd419d262e6a71cab206d80bbf28e0a10d0f227b671cdf5e854c028faa2d043", size = 41924336, upload-time = "2026-01-11T09:58:53.344Z" },
    { url = "https://files.pythonhosted.org/packages/1c/cf/d32bc6bbbcf60b65f6510c54690ed3ae1c4ca5d9fafbce835b6056858686/av-16.1.0-cp314-cp314-win_amd64.whl", hash = "sha256:53585986fd431cd436f290fba662cfb44d9494fbc2949a183de00acc5b33fa88", size = 31735077, upload-time = "2026-01-11T09:58:56.684Z" },
    { url = "https://files.pythonhosted.org/packages/53/f4/9b63dc70af8636399bd933e9df4f3025a0294609510239782c1b746fc796/av-16.1.0-cp314-cp314t-macosx_11_0_x86_64.whl", hash = "sha256:76f5ed8495cf41e1209a5775d3699dc63fdc1740b94a095e2485f13586593205", size = 27014423, upload-time = "2026-01-11T09:58:59.703Z" },
    { url = "https://files.pythonhosted.org/packages/d1/da/787a07a0d6ed35a0888d7e5cfb8c2ffa202f38b7ad2c657299fac08eb046/av-16.1.0-cp314-cp314t-macosx_14_0_arm64.whl", hash = "sha256:8d55397190f12a1a3ae7538be58c356cceb2bf50df1b33523817587748ce89e5", size = 21595536, upload-time = "2026-01-11T09:59:02.508Z" },
    { url = "https://files.pythonhosted.org/packages/d8/f4/9a7d8651a611be6e7e3ab7b30bb43779899c8cac5f7293b9fb634c44a3f3/av-16.1.0-cp314-cp314t-manylinux_2_28_aarch64.whl", hash = "sha256:9d51d9037437218261b4bbf9df78a95e216f83d7774fbfe8d289230b5b2e28e2", size = 40642490, upload-time = "2026-01-11T09:59:05.842Z" },
    { url = "https://files.pythonhosted.org/packages/6b/e4/eb79bc538a94b4ff93cd4237d00939cba797579f3272490dd0144c165a21/av-16.1.0-cp314-cp314t-manylinux_2_28_x86_64.whl", hash = "sha256:0ce07a89c15644407f49d942111ca046e323bbab0a9078ff43ee57c9b4a50dad", size = 41976905, upload-time = "2026-01-11T09:59:09.169Z" },
    { url = "https://files.pythonhosted.org/packages/5e/f5/f6db0dd86b70167a4d55ee0d9d9640983c570d25504f2bde42599f38241e/av-16.1.0-cp314-cp314t-musllinux_1_2_aarch64.whl", hash = "sha256:cac0c074892ea97113b53556ff41c99562db7b9f09f098adac1f08318c2acad5", size = 41770481, upload-time = "2026-01-11T09:59:12.74Z" },
    { url = "https://files.pythonhosted.org/packages/9e/8b/33651d658e45e16ab7671ea5fcf3d20980ea7983234f4d8d0c63c65581a5/av-16.1.0-cp314-cp314t-musllinux_1_2_x86_64.whl", hash = "sha256:7dec3dcbc35a187ce450f65a2e0dda820d5a9e6553eea8344a1459af11c98649", size = 43036824, upload-time = "2026-01-11T09:59:16.507Z" },
    { url = "https://files.pythonhosted.org/packages/83/41/7f13361db54d7e02f11552575c0384dadaf0918138f4eaa82ea03a9f9580/av-16.1.0-cp314-cp314t-win_amd64.whl", hash = "sha256:6f90dc082ff2068ddbe77618400b44d698d25d9c4edac57459e250c16b33d700", size = 31948164, upload-time = "2026-01-11T09:59:19.501Z" },
]

[[package]]
name = "cffi"
version = "2.0.0"
source = { registry = "https://pypi.org/simple" }
dependencies = [
    { name = "pycparser", marker = "implementation_name != 'PyPy'" },
]
sdist = { url = "https://files.pythonhosted.org/packages/eb/56/b1ba7935a17738ae8453301356628e8147c79dbb825bcbc73dc7401f9846/cffi-2.0.0.tar.gz", hash = "sha256:44d1b5909021139fe36001ae048dbdde8214afa20200eda0f64c068cac5d5529", size = 523588, upload-time = "2025-09-08T23:24:04.541Z" }
wheels = [
    { url = "https://files.pythonhosted.org/packages/92/c4/3ce07396253a83250ee98564f8d7e9789fab8e58858f35d07a9a2c78de9f/cffi-2.0.0-cp314-cp314-macosx_10_13_x86_64.whl", hash = "sha256:fc33c5141b55ed366cfaad382df24fe7dcbc686de5be719b207bb248e3053dc5", size = 185320, upload-time = "2025-09-08T23:23:18.087Z" },
    { url = "https://files.pythonhosted.org/packages/59/dd/27e9fa567a23931c838c6b02d0764611c62290062a6d4e8ff7863daf9730/cffi-2.0.0-cp314-cp314-macosx_11_0_arm64.whl", hash = "sha256:c654de545946e0db659b3400168c9ad31b5d29593291482c43e3564effbcee13", size = 181487, upload-time = "2025-09-08T23:23:19.622Z" },
    { url = "https://files.pythonhosted.org/packages/d6/43/0e822876f87ea8a4ef95442c3d766a06a51fc5298823f884ef87aaad168c/cffi-2.0.0-cp314-cp314-manylinux2014_aarch64.manylinux_2_17_aarch64.whl", hash = "sha256:24b6f81f1983e6df8db3adc38562c83f7d4a0c36162885ec7f7b77c7dcbec97b", size = 220049, upload-time = "2025-09-08T23:23:20.853Z" },
    { url = "https://files.pythonhosted.org/packages/b4/89/76799151d9c2d2d1ead63c2429da9ea9d7aac304603de0c6e8764e6e8e70/cffi-2.0.0-cp314-cp314-manylinux2014_ppc64le.manylinux_2_17_ppc64le.whl", hash = "sha256:12873ca6cb9b0f0d3a0da705d6086fe911591737a59f28b7936bdfed27c0d47c", size = 207793, upload-time = "2025-09-08T23:23:22.08Z" },
    { url = "https://files.pythonhosted.org/packages/bb/dd/3465b14bb9e24ee24cb88c9e3730f6de63111fffe513492bf8c808a3547e/cffi-2.0.0-cp314-cp314-manylinux2014_s390x.manylinux_2_17_s390x.whl", hash = "sha256:d9b97165e8aed9272a6bb17c01e3cc5871a594a446ebedc996e2397a1c1ea8ef", size = 206300, upload-time = "2025-09-08T23:23:23.314Z" },
    { url = "https://files.pythonhosted.org/packages/47/d9/d83e293854571c877a92da46fdec39158f8d7e68da75bf73581225d28e90/cffi-2.0.0-cp314-cp314-manylinux2014_x86_64.manylinux_2_17_x86_64.whl", hash = "sha256:afb8db5439b81cf9c9d0c80404b60c3cc9c3add93e114dcae767f1477cb53775", size = 219244, upload-time = "2025-09-08T23:23:24.541Z" },
    { url = "https://files.pythonhosted.org/packages/2b/0f/1f177e3683aead2bb00f7679a16451d302c436b5cbf2505f0ea8146ef59e/cffi-2.0.0-cp314-cp314-musllinux_1_2_aarch64.whl", hash = "sha256:737fe7d37e1a1bffe70bd5754ea763a62a066dc5913ca57e957824b72a85e205", size = 222828, upload-time = "2025-09-08T23:23:26.143Z" },
    { url = "https://files.pythonhosted.org/packages/c6/0f/cafacebd4b040e3119dcb32fed8bdef8dfe94da653155f9d0b9dc660166e/cffi-2.0.0-cp314-cp314-musllinux_1_2_x86_64.whl", hash = "sha256:38100abb9d1b1435bc4cc340bb4489635dc2f0da7456590877030c9b3d40b0c1", size = 220926, upload-time = "2025-09-08T23:23:27.873Z" },
    { url = "https://files.pythonhosted.org/packages/3e/aa/df335faa45b395396fcbc03de2dfcab242cd61a9900e914fe682a59170b1/cffi-2.0.0-cp314-cp314-win32.whl", hash = "sha256:087067fa8953339c723661eda6b54bc98c5625757ea62e95eb4898ad5e776e9f", size = 175328, upload-time = "2025-09-08T23:23:44.61Z" },
    { url = "https://files.pythonhosted.org/packages/bb/92/882c2d30831744296ce713f0feb4c1cd30f346ef747b530b5318715cc367/cffi-2.0.0-cp314-cp314-win_amd64.whl", hash = "sha256:203a48d1fb583fc7d78a4c6655692963b860a417c0528492a6bc21f1aaefab25", size = 185650, upload-time = "2025-09-08T23:23:45.848Z" },
    { url = "https://files.pythonhosted.org/packages/9f/2c/98ece204b9d35a7366b5b2c6539c350313ca13932143e79dc133ba757104/cffi-2.0.0-cp314-cp314-win_arm64.whl", hash = "sha256:dbd5c7a25a7cb98f5ca55d258b103a2054f859a46ae11aaf23134f9cc0d356ad", size = 180687, upload-time = "2025-09-08T23:23:47.105Z" },
    { url = "https://files.pythonhosted.org/packages/3e/61/c768e4d548bfa607abcda77423448df8c471f25dbe64fb2ef6d555eae006/cffi-2.0.0-cp314-cp314t-macosx_10_13_x86_64.whl", hash = "sha256:9a67fc9e8eb39039280526379fb3a70023d77caec1852002b4da7e8b270c4dd9", size = 188773, upload-time = "2025-09-08T23:23:29.347Z" },
    { url = "https://files.pythonhosted.org/packages/2c/ea/5f76bce7cf6fcd0ab1a1058b5af899bfbef198bea4d5686da88471ea0336/cffi-2.0.0-cp314-cp314t-macosx_11_0_arm64.whl", hash = "sha256:7a66c7204d8869299919db4d5069a82f1561581af12b11b3c9f48c584eb8743d", size = 185013, upload-time = "2025-09-08T23:23:30.63Z" },
    { url = "https://files.pythonhosted.org/packages/be/b4/c56878d0d1755cf9caa54ba71e5d049479c52f9e4afc230f06822162ab2f/cffi-2.0.0-cp314-cp314t-manylinux2014_aarch64.manylinux_2_17_aarch64.whl", hash = "sha256:7cc09976e8b56f8cebd752f7113ad07752461f48a58cbba644139015ac24954c", size = 221593, upload-time = "2025-09-08T23:23:31.91Z" },
    { url = "https://files.pythonhosted.org/packages/e0/0d/eb704606dfe8033e7128df5e90fee946bbcb64a04fcdaa97321309004000/cffi-2.0.0-cp314-cp314t-manylinux2014_ppc64le.manylinux_2_17_ppc64le.whl", hash = "sha256:92b68146a71df78564e4ef48af17551a5ddd142e5190cdf2c5624d0c3ff5b2e8", size = 209354, upload-time = "2025-09-08T23:23:33.214Z" },
    { url = "https://files.pythonhosted.org/packages/d8/19/3c435d727b368ca475fb8742ab97c9cb13a0de600ce86f62eab7fa3eea60/cffi-2.0.0-cp314-cp314t-manylinux2014_s390x.manylinux_2_17_s390x.whl", hash = "sha256:b1e74d11748e7e98e2f426ab176d4ed720a64412b6a15054378afdb71e0f37dc", size = 208480, upload-time = "2025-09-08T23:23:34.495Z" },
    { url = "https://files.pythonhosted.org/packages/d0/44/681604464ed9541673e486521497406fadcc15b5217c3e326b061696899a/cffi-2.0.0-cp314-cp314t-manylinux2014_x86_64.manylinux_2_17_x86_64.whl", hash = "sha256:28a3a209b96630bca57cce802da70c266eb08c6e97e5afd61a75611ee6c64592", size = 221584, upload-time = "2025-09-08T23:23:36.096Z" },
    { url = "https://files.pythonhosted.org/packages/25/8e/342a504ff018a2825d395d44d63a767dd8ebc927ebda557fecdaca3ac33a/cffi-2.0.0-cp314-cp314t-musllinux_1_2_aarch64.whl", hash = "sha256:7553fb2090d71822f02c629afe6042c299edf91ba1bf94951165613553984512", size = 224443, upload-time = "2025-09-08T23:23:37.328Z" },
    { url = "https://files.pythonhosted.org/packages/e1/5e/b666bacbbc60fbf415ba9988324a132c9a7a0448a9a8f125074671c0f2c3/cffi-2.0.0-cp314-cp314t-musllinux_1_2_x86_64.whl", hash = "sha256:6c6c373cfc5c83a975506110d17457138c8c63016b563cc9ed6e056a82f13ce4", size = 223437, upload-time = "2025-09-08T23:23:38.945Z" },
    { url = "https://files.pythonhosted.org/packages/a0/1d/ec1a60bd1a10daa292d3cd6bb0b359a81607154fb8165f3ec95fe003b85c/cffi-2.0.0-cp314-cp314t-win32.whl", hash = "sha256:1fc9ea04857caf665289b7a75923f2c6ed559b8298a1b8c49e59f7dd95c8481e", size = 180487, upload-time = "2025-09-08T23:23:40.423Z" },
    { url = "https://files.pythonhosted.org/packages/bf/41/4c1168c74fac325c0c8156f04b6749c8b6a8f405bbf91413ba088359f60d/cffi-2.0.0-cp314-cp314t-win_amd64.whl", hash = "sha256:d68b6cef7827e8641e8ef16f4494edda8b36104d79773a334beaa1e3521430f6", size = 191726, upload-time = "2025-09-08T23:23:41.742Z" },
    { url = "https://files.pythonhosted.org/packages/ae/3a/dbeec9d1ee0844c679f6bb5d6ad4e9f198b1224f4e7a32825f47f6192b0c/cffi-2.0.0-cp314-cp314t-win_arm64.whl", hash = "sha256:0a1527a803f0a659de1af2e1fd700213caba79377e27e4693648c2923da066f9", size = 184195, upload-time = "2025-09-08T23:23:43.004Z" },
]

[[package]]
name = "cryptography"
version = "48.0.0"
source = { registry = "https://pypi.org/simple" }
dependencies = [
    { name = "cffi", marker = "platform_python_implementation != 'PyPy'" },
]
sdist = { url = "https://files.pythonhosted.org/packages/9f/a9/db8f313fdcd85d767d4973515e1db101f9c71f95fced83233de224673757/cryptography-48.0.0.tar.gz", hash = "sha256:5c3932f4436d1cccb036cb0eaef46e6e2db91035166f1ad6505c3c9d5a635920", size = 832984, upload-time = "2026-05-04T22:59:38.133Z" }
wheels = [
    { url = "https://files.pythonhosted.org/packages/df/3d/01f6dd9190170a5a241e0e98c2d04be3664a9e6f5b9b872cde63aff1c3dd/cryptography-48.0.0-cp311-abi3-macosx_10_9_universal2.whl", hash = "sha256:0c558d2cdffd8f4bbb30fc7134c74d2ca9a476f830bb053074498fbc86f41ed6", size = 8001587, upload-time = "2026-05-04T22:57:36.803Z" },
    { url = "https://files.pythonhosted.org/packages/b2/6e/e90527eef33f309beb811cf7c982c3aeffcce8e3edb178baa4ca3ae4a6fa/cryptography-48.0.0-cp311-abi3-manylinux2014_aarch64.manylinux_2_17_aarch64.whl", hash = "sha256:f5333311663ea94f75dd408665686aaf426563556bb5283554a3539177e03b8c", size = 4690433, upload-time = "2026-05-04T22:57:40.373Z" },
    { url = "https://files.pythonhosted.org/packages/90/04/673510ed51ddff56575f306cf1617d80411ee76831ccd3097599140efdfe/cryptography-48.0.0-cp311-abi3-manylinux2014_x86_64.manylinux_2_17_x86_64.whl", hash = "sha256:7995ef305d7165c3f11ae07f2517e5a4f1d5c18da1376a0a9ed496336b69e5f3", size = 4710620, upload-time = "2026-05-04T22:57:42.935Z" },
    { url = "https://files.pythonhosted.org/packages/14/d5/e9c4ef932c8d800490c34d8bd589d64a31d5890e27ec9e9ad532be893294/cryptography-48.0.0-cp311-abi3-manylinux_2_28_aarch64.whl", hash = "sha256:40ba1f85eaa6959837b1d51c9767e230e14612eea4ef110ee8854ada22da1bf5", size = 4696283, upload-time = "2026-05-04T22:57:45.294Z" },
    { url = "https://files.pythonhosted.org/packages/0c/29/174b9dfb60b12d59ecfc6cfa04bc88c21b42a54f01b8aae09bb6e51e4c7f/cryptography-48.0.0-cp311-abi3-manylinux_2_28_ppc64le.whl", hash = "sha256:369a6348999f94bbd53435c894377b20ab95f25a9065c283570e70150d8abc3c", size = 5296573, upload-time = "2026-05-04T22:57:47.933Z" },
    { url = "https://files.pythonhosted.org/packages/95/38/0d29a6fd7d0d1373f0c0c88a04ba20e359b257753ac497564cd660fc1d55/cryptography-48.0.0-cp311-abi3-manylinux_2_28_x86_64.whl", hash = "sha256:a0e692c683f4df67815a2d258b324e66f4738bd7a96a218c826dce4f4bd05d8f", size = 4743677, upload-time = "2026-05-04T22:57:50.067Z" },
    { url = "https://files.pythonhosted.org/packages/30/be/eef653013d5c63b6a490529e0316f9ac14a37602965d4903efed1399f32b/cryptography-48.0.0-cp311-abi3-manylinux_2_31_armv7l.whl", hash = "sha256:18349bbc56f4743c8b12dc32e2bccb2cf83ee8b69a3bba74ef8ae857e26b3d25", size = 4330808, upload-time = "2026-05-04T22:57:52.301Z" },
    { url = "https://files.pythonhosted.org/packages/84/9e/500463e87abb7a0a0f9f256ec21123ecde0a7b5541a15e840ea54551fd81/cryptography-48.0.0-cp311-abi3-manylinux_2_34_aarch64.whl", hash = "sha256:7e8eac43dfca5c4cccc6dad9a80504436fca53bb9bc3100a2386d730fbe6b602", size = 4695941, upload-time = "2026-05-04T22:57:54.603Z" },
    { url = "https://files.pythonhosted.org/packages/e3/dc/7303087450c2ec9e7fbb750e17c2abfbc658f23cbd0e54009509b7cc4091/cryptography-48.0.0-cp311-abi3-manylinux_2_34_ppc64le.whl", hash = "sha256:9ccdac7d40688ecb5a3b4a604b8a88c8002e3442d6c60aead1db2a89a041560c", size = 5252579, upload-time = "2026-05-04T22:57:57.207Z" },
    { url = "https://files.pythonhosted.org/packages/d0/c0/7101d3b7215edcdc90c45da544961fd8ed2d6448f77577460fa75a8443f7/cryptography-48.0.0-cp311-abi3-manylinux_2_34_x86_64.whl", hash = "sha256:bd72e68b06bb1e96913f97dd4901119bc17f39d4586a5adf2d3e47bc2b9d58b5", size = 4743326, upload-time = "2026-05-04T22:57:59.535Z" },
    { url = "https://files.pythonhosted.org/packages/ac/d8/5b833bad13016f562ab9d063d68199a4bd121d18458e439515601d3357ec/cryptography-48.0.0-cp311-abi3-musllinux_1_2_aarch64.whl", hash = "sha256:59baa2cb386c4f0b9905bd6eb4c2a79a69a128408fd31d32ca4d7102d4156321", size = 4826672, upload-time = "2026-05-04T22:58:01.996Z" },
    { url = "https://files.pythonhosted.org/packages/98/e1/7074eb8bf3c135558c73fc2bcf0f5633f912e6fb87e868a55c454080ef09/cryptography-48.0.0-cp311-abi3-musllinux_1_2_x86_64.whl", hash = "sha256:9249e3cd978541d665967ac2cb2787fd6a62bddf1e75b3e347a594d7dacf4f74", size = 4972574, upload-time = "2026-05-04T22:58:03.968Z" },
    { url = "https://files.pythonhosted.org/packages/04/70/e5a1b41d325f797f39427aa44ef8baf0be500065ab6d8e10369d850d4a4f/cryptography-48.0.0-cp311-abi3-win32.whl", hash = "sha256:9c459db21422be75e2809370b829a87eb37f74cd785fc4aa9ea1e5f43b47cda4", size = 3294868, upload-time = "2026-05-04T22:58:06.467Z" },
    { url = "https://files.pythonhosted.org/packages/f4/ac/8ac51b4a5fc5932eb7ee5c517ba7dc8cd834f0048962b6b352f00f41ebf9/cryptography-48.0.0-cp311-abi3-win_amd64.whl", hash = "sha256:5b012212e08b8dd5edc78ef54da83dd9892fd9105323b3993eff6bea65dc21d7", size = 3817107, upload-time = "2026-05-04T22:58:08.845Z" },
    { url = "https://files.pythonhosted.org/packages/6b/84/70e3feea9feea87fd7cbe77efb2712ae1e3e6edf10749dc6e95f4e60e455/cryptography-48.0.0-cp314-cp314t-macosx_10_9_universal2.whl", hash = "sha256:3cb07a3ed6431663cd321ea8a000a1314c74211f823e4177fefa2255e057d1ec", size = 7986556, upload-time = "2026-05-04T22:58:11.172Z" },
    { url = "https://files.pythonhosted.org/packages/89/6e/18e07a618bb5442ba10cf4df16e99c071365528aa570dfcb8c02e25a303b/cryptography-48.0.0-cp314-cp314t-manylinux2014_aarch64.manylinux_2_17_aarch64.whl", hash = "sha256:8c7378637d7d88016fa6791c159f698b3d3eed28ebf844ac36b9dc04a14dae18", size = 4684776, upload-time = "2026-05-04T22:58:13.712Z" },
    { url = "https://files.pythonhosted.org/packages/be/6a/4ea3b4c6c6759794d5ee2103c304a5076dc4b19ae1f9fe47dba439e159e9/cryptography-48.0.0-cp314-cp314t-manylinux2014_x86_64.manylinux_2_17_x86_64.whl", hash = "sha256:cc90c0b39b2e3c65ef52c804b72e3c58f8a04ab2a1871272798e5f9572c17d20", size = 4698121, upload-time = "2026-05-04T22:58:16.448Z" },
    { url = "https://files.pythonhosted.org/packages/2f/59/6ff6ad6cae03bb887da2a5860b2c9805f8dac969ef01ce563336c49bd1d1/cryptography-48.0.0-cp314-cp314t-manylinux_2_28_aarch64.whl", hash = "sha256:76341972e1eff8b4bea859f09c0d3e64b96ce931b084f9b9b7db8ef364c30eff", size = 4690042, upload-time = "2026-05-04T22:58:18.544Z" },
    { url = "https://files.pythonhosted.org/packages/ca/b4/fc334ed8cfd705aca282fe4d8f5ae64a8e0f74932e9feecb344610cf6e4d/cryptography-48.0.0-cp314-cp314t-manylinux_2_28_ppc64le.whl", hash = "sha256:55b7718303bf06a5753dcdccf2f3945cf18ad7bffde41b61226e4db31ab89a9c", size = 5282526, upload-time = "2026-05-04T22:58:20.75Z" },
    { url = "https://files.pythonhosted.org/packages/11/08/9f8c5386cc4cd90d8255c7cdd0f5baf459a08502a09de30dc51f553d38dc/cryptography-48.0.0-cp314-cp314t-manylinux_2_28_x86_64.whl", hash = "sha256:a64697c641c7b1b2178e573cbc31c7c6684cd56883a478d75143dbb7118036db", size = 4733116, upload-time = "2026-05-04T22:58:23.627Z" },
    { url = "https://files.pythonhosted.org/packages/b8/77/99307d7574045699f8805aa500fa0fb83422d115b5400a064ddd306d7750/cryptography-48.0.0-cp314-cp314t-manylinux_2_31_armv7l.whl", hash = "sha256:561215ea3879cb1cbbf272867e2efda62476f240fb58c64de6b393ae19246741", size = 4316030, upload-time = "2026-05-04T22:58:25.581Z" },
    { url = "https://files.pythonhosted.org/packages/fd/36/a608b98337af3cb2aff4818e406649d30572b7031918b04c87d979495348/cryptography-48.0.0-cp314-cp314t-manylinux_2_34_aarch64.whl", hash = "sha256:ad64688338ed4bc1a6618076ba75fd7194a5f1797ac60b47afe926285adb3166", size = 4689640, upload-time = "2026-05-04T22:58:27.747Z" },
    { url = "https://files.pythonhosted.org/packages/dd/a6/825010a291b4438aecc1f568bc428189fc1175515223632477c07dc0a6df/cryptography-48.0.0-cp314-cp314t-manylinux_2_34_ppc64le.whl", hash = "sha256:906cbf0670286c6e0044156bc7d4af9cbb0ef6db9f73e52c3ec56ba6bdde5336", size = 5237657, upload-time = "2026-05-04T22:58:29.848Z" },
    { url = "https://files.pythonhosted.org/packages/b9/09/4e76a09b4caa29aad535ddc806f5d4c5d01885bd978bd984fbc6ca032cae/cryptography-48.0.0-cp314-cp314t-manylinux_2_34_x86_64.whl", hash = "sha256:ea8990436d914540a40ab24b6a77c0969695ed52f4a4874c5137ccf7045a7057", size = 4732362, upload-time = "2026-05-04T22:58:32.009Z" },
    { url = "https://files.pythonhosted.org/packages/18/78/444fa04a77d0cb95f417dda20d450e13c56ba8e5220fc892a1658f44f882/cryptography-48.0.0-cp314-cp314t-musllinux_1_2_aarch64.whl", hash = "sha256:c18684a7f0cc9a3cb60328f496b8e3372def7c5d2df39ac267878b05565aaaae", size = 4819580, upload-time = "2026-05-04T22:58:34.254Z" },
    { url = "https://files.pythonhosted.org/packages/38/85/ea67067c70a1fd4be2c63d35eeed82658023021affccc7b17705f8527dd2/cryptography-48.0.0-cp314-cp314t-musllinux_1_2_x86_64.whl", hash = "sha256:9be5aafa5736574f8f15f262adc81b2a9869e2cfe9014d52a44633905b40d52c", size = 4963283, upload-time = "2026-05-04T22:58:36.376Z" },
    { url = "https://files.pythonhosted.org/packages/75/54/cc6d0f3deac3e81c7f847e8a189a12b6cdd65059b43dad25d4316abd849a/cryptography-48.0.0-cp314-cp314t-win32.whl", hash = "sha256:c17dfe85494deaeddc5ce251aebd1d60bbe6afc8b62071bb0b469431a000124f", size = 3270954, upload-time = "2026-05-04T22:58:38.791Z" },
    { url = "https://files.pythonhosted.org/packages/49/67/cc947e288c0758a4e5473d1dcb743037ab7785541265a969240b8885441a/cryptography-48.0.0-cp314-cp314t-win_amd64.whl", hash = "sha256:27241b1dc9962e056062a8eef1991d02c3a24569c95975bd2322a8a52c6e5e12", size = 3797313, upload-time = "2026-05-04T22:58:40.746Z" },
    { url = "https://files.pythonhosted.org/packages/f2/63/61d4a4e1c6b6bab6ce1e213cd36a24c415d90e76d78c5eb8577c5541d2e8/cryptography-48.0.0-cp39-abi3-macosx_10_9_universal2.whl", hash = "sha256:58d00498e8933e4a194f3076aee1b4a97dfec1a6da444535755822fe5d8b0b86", size = 7983482, upload-time = "2026-05-04T22:58:43.769Z" },
    { url = "https://files.pythonhosted.org/packages/d5/ac/f5b5995b87770c693e2596559ffafe195b4033a57f14a82268a2842953f3/cryptography-48.0.0-cp39-abi3-manylinux2014_aarch64.manylinux_2_17_aarch64.whl", hash = "sha256:614d0949f4790582d2cc25553abd09dd723025f0c0e7c67376a1d77196743d6e", size = 4683266, upload-time = "2026-05-04T22:58:46.064Z" },
    { url = "https://files.pythonhosted.org/packages/ec/c6/8b14f67e18338fbc4adb76f66c001f5c3610b3e2d1837f268f47a347dbbb/cryptography-48.0.0-cp39-abi3-manylinux2014_x86_64.manylinux_2_17_x86_64.whl", hash = "sha256:7ce4bfae76319a532a2dc68f82cc32f5676ee792a983187dac07183690e5c66f", size = 4696228, upload-time = "2026-05-04T22:58:48.22Z" },
    { url = "https://files.pythonhosted.org/packages/ea/73/f808fbae9514bd91b47875b003f13e284c8c6bdfd904b7944e803937eec1/cryptography-48.0.0-cp39-abi3-manylinux_2_28_aarch64.whl", hash = "sha256:2eb992bbd4661238c5a397594c83f5b4dc2bc5b848c365c8f991b6780efcc5c7", size = 4689097, upload-time = "2026-05-04T22:58:50.9Z" },
    { url = "https://files.pythonhosted.org/packages/93/01/d86632d7d28db8ae83221995752eeb6639ffb374c2d22955648cf8d52797/cryptography-48.0.0-cp39-abi3-manylinux_2_28_ppc64le.whl", hash = "sha256:22a5cb272895dce158b2cacdfdc3debd299019659f42947dbdac6f32d68fe832", size = 5283582, upload-time = "2026-05-04T22:58:53.017Z" },
    { url = "https://files.pythonhosted.org/packages/02/e1/50edc7a50334807cc4791fc4a0ce7468b4a1416d9138eab358bfc9a3d70b/cryptography-48.0.0-cp39-abi3-manylinux_2_28_x86_64.whl", hash = "sha256:2b4d59804e8408e2fea7d1fbaf218e5ec984325221db76e6a241a9abd6cdd95c", size = 4730479, upload-time = "2026-05-04T22:58:55.611Z" },
    { url = "https://files.pythonhosted.org/packages/6f/af/99a582b1b1641ff5911ac559beb45097cf79efd4ead4657f578ef1af2d47/cryptography-48.0.0-cp39-abi3-manylinux_2_31_armv7l.whl", hash = "sha256:984a20b0f62a26f48a3396c72e4bc34c66e356d356bf370053066b3b6d54634a", size = 4326481, upload-time = "2026-05-04T22:58:57.607Z" },
    { url = "https://files.pythonhosted.org/packages/90/ee/89aa26a06ef0a7d7611788ffd571a7c50e368cc6a4d5eef8b4884e866edb/cryptography-48.0.0-cp39-abi3-manylinux_2_34_aarch64.whl", hash = "sha256:5a5ed8fde7a1d09376ca0b40e68cd59c69fe23b1f9768bd5824f54681626032a", size = 4688713, upload-time = "2026-05-04T22:59:00.077Z" },
    { url = "https://files.pythonhosted.org/packages/70/ba/bcb1b0bb7a33d4c7c0c4d4c7874b4a62ae4f56113a5f4baefa362dfb1f0f/cryptography-48.0.0-cp39-abi3-manylinux_2_34_ppc64le.whl", hash = "sha256:8cd666227ef7af430aa5914a9910e0ddd703e75f039cef0825cd0da71b6b711a", size = 5238165, upload-time = "2026-05-04T22:59:02.317Z" },
    { url = "https://files.pythonhosted.org/packages/c9/70/ca4003b1ce5ca3dc3186ada51908c8a9b9ff7d5cab83cc0d43ee14ec144f/cryptography-48.0.0-cp39-abi3-manylinux_2_34_x86_64.whl", hash = "sha256:9071196d81abc88b3516ac8cdfad32e2b66dd4a5393a8e68a961e9161ddc6239", size = 4729947, upload-time = "2026-05-04T22:59:05.255Z" },
    { url = "https://files.pythonhosted.org/packages/44/a0/4ec7cf774207905aef1a8d11c3750d5a1db805eb380ee4e16df317870128/cryptography-48.0.0-cp39-abi3-musllinux_1_2_aarch64.whl", hash = "sha256:1e2d54c8be6152856a36f0882ab231e70f8ec7f14e93cf87db8a2ed056bf160c", size = 4822059, upload-time = "2026-05-04T22:59:07.802Z" },
    { url = "https://files.pythonhosted.org/packages/1e/75/a2e55f99c16fcac7b5d6c1eb19ad8e00799854d6be5ca845f9259eae1681/cryptography-48.0.0-cp39-abi3-musllinux_1_2_x86_64.whl", hash = "sha256:a5da777e32ffed6f85a7b2b3f7c5cbc88c146bfcd0a1d7baf5fcc6c52ee35dd4", size = 4960575, upload-time = "2026-05-04T22:59:09.851Z" },
    { url = "https://files.pythonhosted.org/packages/b8/23/6e6f32143ab5d8b36ca848a502c4bcd477ae75b9e1677e3530d669062578/cryptography-48.0.0-cp39-abi3-win32.whl", hash = "sha256:77a2ccbbe917f6710e05ba9adaa25fb5075620bf3ea6fb751997875aff4ae4bd", size = 3279117, upload-time = "2026-05-04T22:59:12.019Z" },
    { url = "https://files.pythonhosted.org/packages/9d/9a/0fea98a70cf1749d41d738836f6349d97945f7c89433a259a6c2642eefeb/cryptography-48.0.0-cp39-abi3-win_amd64.whl", hash = "sha256:16cd65b9330583e4619939b3a3843eec1e6e789744bb01e7c7e2e62e33c239c8", size = 3792100, upload-time = "2026-05-04T22:59:14.884Z" },
]

[[package]]
name = "dnspython"
version = "2.8.0"
source = { registry = "https://pypi.org/simple" }
sdist = { url = "https://files.pythonhosted.org/packages/8c/8b/57666417c0f90f08bcafa776861060426765fdb422eb10212086fb811d26/dnspython-2.8.0.tar.gz", hash = "sha256:181d3c6996452cb1189c4046c61599b84a5a86e099562ffde77d26984ff26d0f", size = 368251, upload-time = "2025-09-07T18:58:00.022Z" }
wheels = [
    { url = "https://files.pythonhosted.org/packages/ba/5a/18ad964b0086c6e62e2e7500f7edc89e3faa45033c71c1893d34eed2b2de/dnspython-2.8.0-py3-none-any.whl", hash = "sha256:01d9bbc4a2d76bf0db7c1f729812ded6d912bd318d3b1cf81d30c0f845dbf3af", size = 331094, upload-time = "2025-09-07T18:57:58.071Z" },
]

[[package]]
name = "google-crc32c"
version = "1.8.0"
source = { registry = "https://pypi.org/simple" }
sdist = { url = "https://files.pythonhosted.org/packages/03/41/4b9c02f99e4c5fb477122cd5437403b552873f014616ac1d19ac8221a58d/google_crc32c-1.8.0.tar.gz", hash = "sha256:a428e25fb7691024de47fecfbff7ff957214da51eddded0da0ae0e0f03a2cf79", size = 14192, upload-time = "2025-12-16T00:35:25.142Z" }
wheels = [
    { url = "https://files.pythonhosted.org/packages/21/88/8ecf3c2b864a490b9e7010c84fd203ec8cf3b280651106a3a74dd1b0ca72/google_crc32c-1.8.0-cp314-cp314-macosx_12_0_arm64.whl", hash = "sha256:e6584b12cb06796d285d09e33f63309a09368b9d806a551d8036a4207ea43697", size = 31301, upload-time = "2025-12-16T00:24:48.527Z" },
    { url = "https://files.pythonhosted.org/packages/36/c6/f7ff6c11f5ca215d9f43d3629163727a272eabc356e5c9b2853df2bfe965/google_crc32c-1.8.0-cp314-cp314-macosx_12_0_x86_64.whl", hash = "sha256:f4b51844ef67d6cf2e9425983274da75f18b1597bb2c998e1c0a0e8d46f8f651", size = 30868, upload-time = "2025-12-16T00:48:12.163Z" },
    { url = "https://files.pythonhosted.org/packages/56/15/c25671c7aad70f8179d858c55a6ae8404902abe0cdcf32a29d581792b491/google_crc32c-1.8.0-cp314-cp314-manylinux1_x86_64.manylinux2014_x86_64.manylinux_2_17_x86_64.manylinux_2_5_x86_64.whl", hash = "sha256:b0d1a7afc6e8e4635564ba8aa5c0548e3173e41b6384d7711a9123165f582de2", size = 33381, upload-time = "2025-12-16T00:40:26.268Z" },
    { url = "https://files.pythonhosted.org/packages/42/fa/f50f51260d7b0ef5d4898af122d8a7ec5a84e2984f676f746445f783705f/google_crc32c-1.8.0-cp314-cp314-manylinux2014_aarch64.manylinux_2_17_aarch64.whl", hash = "sha256:8b3f68782f3cbd1bce027e48768293072813469af6a61a86f6bb4977a4380f21", size = 33734, upload-time = "2025-12-16T00:40:27.028Z" },
    { url = "https://files.pythonhosted.org/packages/08/a5/7b059810934a09fb3ccb657e0843813c1fee1183d3bc2c8041800374aa2c/google_crc32c-1.8.0-cp314-cp314-win_amd64.whl", hash = "sha256:d511b3153e7011a27ab6ee6bb3a5404a55b994dc1a7322c0b87b29606d9790e2", size = 34878, upload-time = "2025-12-16T00:35:23.142Z" },
]

[[package]]
name = "ifaddr"
version = "0.2.0"
source = { registry = "https://pypi.org/simple" }
sdist = { url = "https://files.pythonhosted.org/packages/e8/ac/fb4c578f4a3256561548cd825646680edcadb9440f3f68add95ade1eb791/ifaddr-0.2.0.tar.gz", hash = "sha256:cc0cbfcaabf765d44595825fb96a99bb12c79716b73b44330ea38ee2b0c4aed4", size = 10485, upload-time = "2022-06-15T21:40:27.561Z" }
wheels = [
    { url = "https://files.pythonhosted.org/packages/9c/1f/19ebc343cc71a7ffa78f17018535adc5cbdd87afb31d7c34874680148b32/ifaddr-0.2.0-py3-none-any.whl", hash = "sha256:085e0305cfe6f16ab12d72e2024030f5d52674afad6911bb1eee207177b8a748", size = 12314, upload-time = "2022-06-15T21:40:25.756Z" },
]

[[package]]
name = "lab"
version = "0.1.0"
source = { virtual = "." }
dependencies = [
    { name = "aiortc" },
    { name = "scapy" },
]

[package.metadata]
requires-dist = [
    { name = "aiortc", specifier = ">=1.14.0" },
    { name = "scapy", specifier = ">=2.7.0" },
]

[[package]]
name = "pycparser"
version = "3.0"
source = { registry = "https://pypi.org/simple" }
sdist = { url = "https://files.pythonhosted.org/packages/1b/7d/92392ff7815c21062bea51aa7b87d45576f649f16458d78b7cf94b9ab2e6/pycparser-3.0.tar.gz", hash = "sha256:600f49d217304a5902ac3c37e1281c9fe94e4d0489de643a9504c5cdfdfc6b29", size = 103492, upload-time = "2026-01-21T14:26:51.89Z" }
wheels = [
    { url = "https://files.pythonhosted.org/packages/0c/c3/44f3fbbfa403ea2a7c779186dc20772604442dde72947e7d01069cbe98e3/pycparser-3.0-py3-none-any.whl", hash = "sha256:b727414169a36b7d524c1c3e31839a521725078d7b2ff038656844266160a992", size = 48172, upload-time = "2026-01-21T14:26:50.693Z" },
]

[[package]]
name = "pyee"
version = "13.0.1"
source = { registry = "https://pypi.org/simple" }
dependencies = [
    { name = "typing-extensions" },
]
sdist = { url = "https://files.pythonhosted.org/packages/8b/04/e7c1fe4dc78a6fdbfd6c337b1c3732ff543b8a397683ab38378447baa331/pyee-13.0.1.tar.gz", hash = "sha256:0b931f7c14535667ed4c7e0d531716368715e860b988770fc7eb8578d1f67fc8", size = 31655, upload-time = "2026-02-14T21:12:28.044Z" }
wheels = [
    { url = "https://files.pythonhosted.org/packages/a0/c4/b4d4827c93ef43c01f599ef31453ccc1c132b353284fc6c87d535c233129/pyee-13.0.1-py3-none-any.whl", hash = "sha256:af2f8fede4171ef667dfded53f96e2ed0d6e6bd7ee3bb46437f77e3b57689228", size = 15659, upload-time = "2026-02-14T21:12:26.263Z" },
]

[[package]]
name = "pylibsrtp"
version = "1.0.0"
source = { registry = "https://pypi.org/simple" }
dependencies = [
    { name = "cffi" },
]
sdist = { url = "https://files.pythonhosted.org/packages/0d/a6/6e532bec974aaecbf9fe4e12538489fb1c28456e65088a50f305aeab9f89/pylibsrtp-1.0.0.tar.gz", hash = "sha256:b39dff075b263a8ded5377f2490c60d2af452c9f06c4d061c7a2b640612b34d4", size = 10858, upload-time = "2025-10-13T16:12:31.552Z" }
wheels = [
    { url = "https://files.pythonhosted.org/packages/aa/af/89e61a62fa3567f1b7883feb4d19e19564066c2fcd41c37e08d317b51881/pylibsrtp-1.0.0-cp310-abi3-macosx_10_9_x86_64.whl", hash = "sha256:822c30ea9e759b333dc1f56ceac778707c51546e97eb874de98d7d378c000122", size = 1865017, upload-time = "2025-10-13T16:12:15.62Z" },
    { url = "https://files.pythonhosted.org/packages/8d/0e/8d215484a9877adcf2459a8b28165fc89668b034565277fd55d666edd247/pylibsrtp-1.0.0-cp310-abi3-macosx_11_0_arm64.whl", hash = "sha256:aaad74e5c8cbc1c32056c3767fea494c1e62b3aea2c908eda2a1051389fdad76", size = 2182739, upload-time = "2025-10-13T16:12:17.121Z" },
    { url = "https://files.pythonhosted.org/packages/57/3f/76a841978877ae13eac0d4af412c13bbd5d83b3df2c1f5f2175f2e0f68e5/pylibsrtp-1.0.0-cp310-abi3-manylinux_2_26_aarch64.manylinux_2_28_aarch64.whl", hash = "sha256:9209b86e662ebbd17c8a9e8549ba57eca92a3e87fb5ba8c0e27b8c43cd08a767", size = 2732922, upload-time = "2025-10-13T16:12:18.348Z" },
    { url = "https://files.pythonhosted.org/packages/0e/14/cf5d2a98a66fdfe258f6b036cda570f704a644fa861d7883a34bc359501e/pylibsrtp-1.0.0-cp310-abi3-manylinux_2_26_x86_64.manylinux_2_28_x86_64.whl", hash = "sha256:293c9f2ac21a2bd689c477603a1aa235d85cf252160e6715f0101e42a43cbedc", size = 2434534, upload-time = "2025-10-13T16:12:20.074Z" },
    { url = "https://files.pythonhosted.org/packages/bd/08/a3f6e86c04562f7dce6717cd2206a0f84ca85c5e38121d998e0e330194c3/pylibsrtp-1.0.0-cp310-abi3-manylinux_2_28_i686.whl", hash = "sha256:81fb8879c2e522021a7cbd3f4bda1b37c192e1af939dfda3ff95b4723b329663", size = 2345818, upload-time = "2025-10-13T16:12:21.439Z" },
    { url = "https://files.pythonhosted.org/packages/8e/d5/130c2b5b4b51df5631684069c6f0a6761c59d096a33d21503ac207cf0e47/pylibsrtp-1.0.0-cp310-abi3-musllinux_1_2_aarch64.whl", hash = "sha256:4ddb562e443cf2e557ea2dfaeef0d7e6b90e96dd38eb079b4ab2c8e34a79f50b", size = 2774490, upload-time = "2025-10-13T16:12:22.659Z" },
    { url = "https://files.pythonhosted.org/packages/91/e3/715a453bfee3bea92a243888ad359094a7727cc6d393f21281320fe7798c/pylibsrtp-1.0.0-cp310-abi3-musllinux_1_2_i686.whl", hash = "sha256:f02e616c9dfab2b03b32d8cc7b748f9d91814c0211086f987629a60f05f6e2cc", size = 2372603, upload-time = "2025-10-13T16:12:24.036Z" },
    { url = "https://files.pythonhosted.org/packages/e3/56/52fa74294254e1f53a4ff170ee2006e57886cf4bb3db46a02b4f09e1d99f/pylibsrtp-1.0.0-cp310-abi3-musllinux_1_2_x86_64.whl", hash = "sha256:c134fa09e7b80a5b7fed626230c5bc257fd771bd6978e754343e7a61d96bc7e6", size = 2451269, upload-time = "2025-10-13T16:12:25.475Z" },
    { url = "https://files.pythonhosted.org/packages/1e/51/2e9b34f484cbdd3bac999bf1f48b696d7389433e900639089e8fc4e0da0d/pylibsrtp-1.0.0-cp310-abi3-win32.whl", hash = "sha256:bae377c3b402b17b9bbfbfe2534c2edba17aa13bea4c64ce440caacbe0858b55", size = 1247503, upload-time = "2025-10-13T16:12:27.39Z" },
    { url = "https://files.pythonhosted.org/packages/c3/70/43db21af194580aba2d9a6d4c7bd8c1a6e887fa52cd810b88f89096ecad2/pylibsrtp-1.0.0-cp310-abi3-win_amd64.whl", hash = "sha256:8d6527c4a78a39a8d397f8862a8b7cdad4701ee866faf9de4ab8c70be61fd34d", size = 1601659, upload-time = "2025-10-13T16:12:29.037Z" },
    { url = "https://files.pythonhosted.org/packages/8e/ec/6e02b2561d056ea5b33046e3cad21238e6a9097b97d6ccc0fbe52b50c858/pylibsrtp-1.0.0-cp310-abi3-win_arm64.whl", hash = "sha256:2696bdb2180d53ac55d0eb7b58048a2aa30cd4836dd2ca683669889137a94d2a", size = 1159246, upload-time = "2025-10-13T16:12:30.285Z" },
]

[[package]]
name = "pyopenssl"
version = "26.2.0"
source = { registry = "https://pypi.org/simple" }
dependencies = [
    { name = "cryptography" },
]
sdist = { url = "https://files.pythonhosted.org/packages/1a/51/27a5ad5f939d08f690a326ef9582cda7140555180db71695f6fb747d6a36/pyopenssl-26.2.0.tar.gz", hash = "sha256:8c6fcecd1183a7fc897548dfe388b0cdb7f37e018200d8409cf33959dbe35387", size = 182195, upload-time = "2026-05-04T23:06:09.72Z" }
wheels = [
    { url = "https://files.pythonhosted.org/packages/73/b8/a0e2790ae249d6f38c9f66de7a211621a7ab2650217bcd04e1262f578a56/pyopenssl-26.2.0-py3-none-any.whl", hash = "sha256:4f9d971bc5298b8bc1fab282803da04bf000c755d4ad9d99b52de2569ca19a70", size = 55823, upload-time = "2026-05-04T23:06:08.395Z" },
]

[[package]]
name = "scapy"
version = "2.7.0"
source = { registry = "https://pypi.org/simple" }
sdist = { url = "https://files.pythonhosted.org/packages/82/97/7caec64f05eae3d305d83e7cce1ef2f337710513b89efb334f7278202e79/scapy-2.7.0.tar.gz", hash = "sha256:bfc1ef1b93280aea1ddee53be7f74232aa28ac3d891244d41ee85200d24aa446", size = 2412897, upload-time = "2025-12-26T22:10:53.359Z" }
wheels = [
    { url = "https://files.pythonhosted.org/packages/f0/6f/bd32e5e8adc391063858da17271bb444e4b009842cffa593bca8b2b78af7/scapy-2.7.0-py3-none-any.whl", hash = "sha256:eb22786da92be6fd8e5c694ae5595e4f5b9ac1f4364c9c45986844f3e3063561", size = 2590982, upload-time = "2025-12-26T22:07:48.941Z" },
]

[[package]]
name = "typing-extensions"
version = "4.15.0"
source = { registry = "https://pypi.org/simple" }
sdist = { url = "https://files.pythonhosted.org/packages/72/94/1a15dd82efb362ac84269196e94cf00f187f7ed21c242792a923cdb1c61f/typing_extensions-4.15.0.tar.gz", hash = "sha256:0cea48d173cc12fa28ecabc3b837ea3cf6f38c6d1136f85cbaaf598984861466", size = 109391, upload-time = "2025-08-25T13:49:26.313Z" }
wheels = [
    { url = "https://files.pythonhosted.org/packages/18/67/36e9267722cc04a6b9f15c7f3441c2363321a3ea07da7ae0c0707beb2a9c/typing_extensions-4.15.0-py3-none-any.whl", hash = "sha256:f0fa19c6845758ab08074a0cfa8b7aecb71c999ca73d62883bc25cc018c4e548", size = 44614, upload-time = "2025-08-25T13:49:24.86Z" },
]
